
Microsoft Visual Studio Solution File, Format Version 12.00
# Visual Studio 2012
Project("{FAE04EC0-301F-11D3-BF4B-00C04F79EFBC}") = "Garden", "Garden\Garden.csproj", "{E1D9956D-B899-452F-B112-3E1ECE1CEA4B}"
EndProject
Project("{FAE04EC0-301F-11D3-BF4B-00C04F79EFBC}") = "BatGoikoTower", "BatGoikoTower\BatGoikoTower.csproj", "{52D8F87C-FD82-4C64-BFFC-68B34D006DF6}"
EndProject
Project("{FAE04EC0-301F-11D3-BF4B-00C04F79EFBC}") = "SecretNumbers", "SecretNumbers\SecretNumbers.csproj", "{74B05449-1FAC-45BB-9892-B0CE68CF20FC}"
EndProject
Project("{FAE04EC0-301F-11D3-BF4B-00C04F79EFBC}") = "CardWars", "CardWars\CardWars.csproj", "{AC6C8623-D67C-4057-876A-6488B13DE926}"
EndProject
Global
	GlobalSection(SolutionConfigurationPlatforms) = preSolution
		Debug|Any CPU = Debug|Any CPU
		Release|Any CPU = Release|Any CPU
	EndGlobalSection
	GlobalSection(ProjectConfigurationPlatforms) = postSolution
		{E1D9956D-B899-452F-B112-3E1ECE1CEA4B}.Debug|Any CPU.ActiveCfg = Debug|Any CPU
		{E1D9956D-B899-452F-B112-3E1ECE1CEA4B}.Debug|Any CPU.Build.0 = Debug|Any CPU
		{E1D9956D-B899-452F-B112-3E1ECE1CEA4B}.Release|Any CPU.ActiveCfg = Release|Any CPU
		{E1D9956D-B899-452F-B112-3E1ECE1CEA4B}.Release|Any CPU.Build.0 = Release|Any CPU
		{52D8F87C-FD82-4C64-BFFC-68B34D006DF6}.Debug|Any CPU.ActiveCfg = Debug|Any CPU
		{52D8F87C-FD82-4C64-BFFC-68B34D006DF6}.Debug|Any CPU.Build.0 = Debug|Any CPU
		{52D8F87C-FD82-4C64-BFFC-68B34D006DF6}.Release|Any CPU.ActiveCfg = Release|Any CPU
		{52D8F87C-FD82-4C64-BFFC-68B34D006DF6}.Release|Any CPU.Build.0 = Release|Any CPU
		{74B05449-1FAC-45BB-9892-B0CE68CF20FC}.Debug|Any CPU.ActiveCfg = Debug|Any CPU
		{74B05449-1FAC-45BB-9892-B0CE68CF20FC}.Debug|Any CPU.Build.0 = Debug|Any CPU
		{74B05449-1FAC-45BB-9892-B0CE68CF20FC}.Release|Any CPU.ActiveCfg = Release|Any CPU
		{74B05449-1FAC-45BB-9892-B0CE68CF20FC}.Release|Any CPU.Build.0 = Release|Any CPU
		{AC6C8623-D67C-4057-876A-6488B13DE926}.Debug|Any CPU.ActiveCfg = Debug|Any CPU
		{AC6C8623-D67C-4057-876A-6488B13DE926}.Debug|Any CPU.Build.0 = Debug|Any CPU
		{AC6C8623-D67C-4057-876A-6488B13DE926}.Release|Any CPU.ActiveCfg = Release|Any CPU
		{AC6C8623-D67C-4057-876A-6488B13DE926}.Release|Any CPU.Build.0 = Release|Any CPU
	EndGlobalSection
	GlobalSection(SolutionProperties) = preSolution
		HideSolutionNode = FALSE
	EndGlobalSection
EndGlobal
